
Microsoft Visual Studio Solution File, Format Version 12.00
# Visual Studio Version 17
VisualStudioVersion = 17.1.32407.343
MinimumVisualStudioVersion = 10.0.40219.1
Project("{9A19103F-16F7-4668-BE54-9A1E7A4F7556}") = "RestaurantModel", "RestaurantModel\RestaurantModel.csproj", "{549009AB-5CDF-4F85-95E9-C24B7C29D0E1}"
EndProject
Project("{9A19103F-16F7-4668-BE54-9A1E7A4F7556}") = "RestaurantBL", "RestaurantBL\RestaurantBL.csproj", "{92341245-AADD-4BDA-8262-B5D758504568}"
EndProject
Project("{9A19103F-16F7-4668-BE54-9A1E7A4F7556}") = "RestaurantDL", "RestaurantDL\RestaurantDL.csproj", "{5778F038-744B-470C-AD2A-616C656A6D85}"
EndProject
Project("{9A19103F-16F7-4668-BE54-9A1E7A4F7556}") = "RestaurantTest", "RestaurantTest\RestaurantTest.csproj", "{04F3D2F9-7852-420D-B4D9-D727D638728B}"
EndProject
Project("{FAE04EC0-301F-11D3-BF4B-00C04F79EFBC}") = "Restaurant_API", "Restaurant_API\Restaurant_API.csproj", "{6147AB2D-BF1D-430E-B4E0-AEBCD24AA934}"
EndProject
Global
	GlobalSection(SolutionConfigurationPlatforms) = preSolution
		Debug|Any CPU = Debug|Any CPU
		Release|Any CPU = Release|Any CPU
	EndGlobalSection
	GlobalSection(ProjectConfigurationPlatforms) = postSolution
		{549009AB-5CDF-4F85-95E9-C24B7C29D0E1}.Debug|Any CPU.ActiveCfg = Debug|Any CPU
		{549009AB-5CDF-4F85-95E9-C24B7C29D0E1}.Debug|Any CPU.Build.0 = Debug|Any CPU
		{549009AB-5CDF-4F85-95E9-C24B7C29D0E1}.Release|Any CPU.ActiveCfg = Release|Any CPU
		{549009AB-5CDF-4F85-95E9-C24B7C29D0E1}.Release|Any CPU.Build.0 = Release|Any CPU
		{92341245-AADD-4BDA-8262-B5D758504568}.Debug|Any CPU.ActiveCfg = Debug|Any CPU
		{92341245-AADD-4BDA-8262-B5D758504568}.Debug|Any CPU.Build.0 = Debug|Any CPU
		{92341245-AADD-4BDA-8262-B5D758504568}.Release|Any CPU.ActiveCfg = Release|Any CPU
		{92341245-AADD-4BDA-8262-B5D758504568}.Release|Any CPU.Build.0 = Release|Any CPU
		{5778F038-744B-470C-AD2A-616C656A6D85}.Debug|Any CPU.ActiveCfg = Debug|Any CPU
		{5778F038-744B-470C-AD2A-616C656A6D85}.Debug|Any CPU.Build.0 = Debug|Any CPU
		{5778F038-744B-470C-AD2A-616C656A6D85}.Release|Any CPU.ActiveCfg = Release|Any CPU
		{5778F038-744B-470C-AD2A-616C656A6D85}.Release|Any CPU.Build.0 = Release|Any CPU
		{04F3D2F9-7852-420D-B4D9-D727D638728B}.Debug|Any CPU.ActiveCfg = Debug|Any CPU
		{04F3D2F9-7852-420D-B4D9-D727D638728B}.Debug|Any CPU.Build.0 = Debug|Any CPU
		{04F3D2F9-7852-420D-B4D9-D727D638728B}.Release|Any CPU.ActiveCfg = Release|Any CPU
		{04F3D2F9-7852-420D-B4D9-D727D638728B}.Release|Any CPU.Build.0 = Release|Any CPU
		{6147AB2D-BF1D-430E-B4E0-AEBCD24AA934}.Debug|Any CPU.ActiveCfg = Debug|Any CPU
		{6147AB2D-BF1D-430E-B4E0-AEBCD24AA934}.Debug|Any CPU.Build.0 = Debug|Any CPU
		{6147AB2D-BF1D-430E-B4E0-AEBCD24AA934}.Release|Any CPU.ActiveCfg = Release|Any CPU
		{6147AB2D-BF1D-430E-B4E0-AEBCD24AA934}.Release|Any CPU.Build.0 = Release|Any CPU
	EndGlobalSection
	GlobalSection(SolutionProperties) = preSolution
		HideSolutionNode = FALSE
	EndGlobalSection
	GlobalSection(ExtensibilityGlobals) = postSolution
		SolutionGuid = {E4D792EC-60D7-4515-81F7-593EA21B093E}
	EndGlobalSection
EndGlobal
